{
    "_readme": [
        "This file locks the dependencies of your project to a known state",
        "Read more about it at https://getcomposer.org/doc/01-basic-usage.md#installing-dependencies",
        "This file is @generated automatically"
    ],
    "content-hash": "ebb9f120c4a382b783ec3bbb9b9f5c88",
    "packages": [
        {
            "name": "composer/semver",
            "version": "3.4.4",
            "source": {
                "type": "git",
                "url": "https://github.com/composer/semver.git",
                "reference": "198166618906cb2de69b95d7d47e5fa8aa1b2b95"
            },
            "dist": {
                "type": "zip",
                "url": "https://api.github.com/repos/composer/semver/zipball/198166618906cb2de69b95d7d47e5fa8aa1b2b95",
                "reference": "198166618906cb2de69b95d7d47e5fa8aa1b2b95",
                "shasum": ""
            },
            "require": {
                "php": "^5.3.2 || ^7.0 || ^8.0"
            },
            "require-dev": {
                "phpstan/phpstan": "^1.11",
                "symfony/phpunit-bridge": "^3 || ^7"
            },
            "type": "library",
            "extra": {
                "branch-alias": {
                    "dev-main": "3.x-dev"
                }
            },
            "autoload": {
                "psr-4": {
                    "Composer\\Semver\\": "src"
                }
            },
            "notification-url": "https://packagist.org/downloads/",
            "license": [
                "MIT"
            ],
            "authors": [
                {
                    "name": "Nils Adermann",
                    "email": "naderman@naderman.de",
                    "homepage": "http://www.naderman.de"
                },
                {
                    "name": "Jordi Boggiano",
                    "email": "j.boggiano@seld.be",
                    "homepage": "http://seld.be"
                },
                {
                    "name": "Rob Bast",
                    "email": "rob.bast@gmail.com",
                    "homepage": "http://robbast.nl"
                }
            ],
            "description": "Semver library that offers utilities, version constraint parsing and validation.",
            "keywords": [
                "semantic",
                "semver",
                "validation",
                "versioning"
            ],
            "support": {
                "irc": "ircs://irc.libera.chat:6697/composer",
                "issues": "https://github.com/composer/semver/issues",
                "source": "https://github.com/composer/semver/tree/3.4.4"
            },
            "funding": [
                {
                    "url": "https://packagist.com",
                    "type": "custom"
                },
                {
                    "url": "https://github.com/composer",
                    "type": "github"
                }
            ],
            "time": "2025-08-20T19:15:30+00:00"
        },
        {
            "name": "opis/json-schema",
            "version": "2.6.0",
            "source": {
                "type": "git",
                "url": "https://github.com/opis/json-schema.git",
                "reference": "8458763e0dd0b6baa310e04f1829fc73da4e8c8a"
            },
            "dist": {
                "type": "zip",
                "url": "https://api.github.com/repos/opis/json-schema/zipball/8458763e0dd0b6baa310e04f1829fc73da4e8c8a",
                "reference": "8458763e0dd0b6baa310e04f1829fc73da4e8c8a",
                "shasum": ""
            },
            "require": {
                "ext-json": "*",
                "opis/string": "^2.1",
                "opis/uri": "^1.0",
                "php": "^7.4 || ^8.0"
            },
            "require-dev": {
                "ext-bcmath": "*",
                "ext-intl": "*",
                "phpunit/phpunit": "^9.0"
            },
            "type": "library",
            "extra": {
                "branch-alias": {
                    "dev-master": "2.x-dev"
                }
            },
            "autoload": {
                "psr-4": {
                    "Opis\\JsonSchema\\": "src/"
                }
            },
            "notification-url": "https://packagist.org/downloads/",
            "license": [
                "Apache-2.0"
            ],
            "authors": [
                {
                    "name": "Sorin Sarca",
                    "email": "sarca_sorin@hotmail.com"
                },
                {
                    "name": "Marius Sarca",
                    "email": "marius.sarca@gmail.com"
                }
            ],
            "description": "Json Schema Validator for PHP",
            "homepage": "https://opis.io/json-schema",
            "keywords": [
                "json",
                "json-schema",
                "schema",
                "validation",
                "validator"
            ],
            "support": {
                "issues": "https://github.com/opis/json-schema/issues",
                "source": "https://github.com/opis/json-schema/tree/2.6.0"
            },
            "time": "2025-10-17T12:46:48+00:00"
        },
        {
            "name": "opis/string",
            "version": "2.1.0",
            "source": {
                "type": "git",
                "url": "https://github.com/opis/string.git",
                "reference": "3e4d2aaff518ac518530b89bb26ed40f4503635e"
            },
            "dist": {
                "type": "zip",
                "url": "https://api.github.com/repos/opis/string/zipball/3e4d2aaff518ac518530b89bb26ed40f4503635e",
                "reference": "3e4d2aaff518ac518530b89bb26ed40f4503635e",
                "shasum": ""
            },
            "require": {
                "ext-iconv": "*",
                "ext-json": "*",
                "php": "^7.4 || ^8.0"
            },
            "require-dev": {
                "phpunit/phpunit": "^9.0"
            },
            "type": "library",
            "extra": {
                "branch-alias": {
                    "dev-master": "2.x-dev"
                }
            },
            "autoload": {
                "psr-4": {
                    "Opis\\String\\": "src/"
                }
            },
            "notification-url": "https://packagist.org/downloads/",
            "license": [
                "Apache-2.0"
            ],
            "authors": [
                {
                    "name": "Marius Sarca",
                    "email": "marius.sarca@gmail.com"
                },
                {
                    "name": "Sorin Sarca",
                    "email": "sarca_sorin@hotmail.com"
                }
            ],
            "description": "Multibyte strings as objects",
            "homepage": "https://opis.io/string",
            "keywords": [
                "multi-byte",
                "opis",
                "string",
                "string manipulation",
                "utf-8"
            ],
            "support": {
                "issues": "https://github.com/opis/string/issues",
                "source": "https://github.com/opis/string/tree/2.1.0"
            },
            "time": "2025-10-17T12:38:41+00:00"
        },
        {
            "name": "opis/uri",
            "version": "1.1.0",
            "source": {
                "type": "git",
                "url": "https://github.com/opis/uri.git",
                "reference": "0f3ca49ab1a5e4a6681c286e0b2cc081b93a7d5a"
            },
            "dist": {
                "type": "zip",
                "url": "https://api.github.com/repos/opis/uri/zipball/0f3ca49ab1a5e4a6681c286e0b2cc081b93a7d5a",
                "reference": "0f3ca49ab1a5e4a6681c286e0b2cc081b93a7d5a",
                "shasum": ""
            },
            "require": {
                "opis/string": "^2.0",
                "php": "^7.4 || ^8.0"
            },
            "require-dev": {
                "phpunit/phpunit": "^9"
            },
            "type": "library",
            "extra": {
                "branch-alias": {
                    "dev-master": "1.x-dev"
                }
            },
            "autoload": {
                "psr-4": {
                    "Opis\\Uri\\": "src/"
                }
            },
            "notification-url": "https://packagist.org/downloads/",
            "license": [
                "Apache-2.0"
            ],
            "authors": [
                {
                    "name": "Marius Sarca",
                    "email": "marius.sarca@gmail.com"
                },
                {
                    "name": "Sorin Sarca",
                    "email": "sarca_sorin@hotmail.com"
                }
            ],
            "description": "Build, parse and validate URIs and URI-templates",
            "homepage": "https://opis.io",
            "keywords": [
                "URI Template",
                "parse url",
                "punycode",
                "uri",
                "uri components",
                "url",
                "validate uri"
            ],
            "support": {
                "issues": "https://github.com/opis/uri/issues",
                "source": "https://github.com/opis/uri/tree/1.1.0"
            },
            "time": "2021-05-22T15:57:08+00:00"
        },
        {
            "name": "peanut-admin/core",
            "version": "0.1.0-alpha.11",
            "dist": {
                "type": "path",
                "url": "../packages/php",
                "reference": "edb97460df322fb153ccb6f68d5b462da6aac9c2"
            },
            "require": {
                "ext-fileinfo": "*",
                "ext-json": "*",
                "ext-openssl": "*",
                "ext-pdo": "*",
                "ext-sodium": "*",
                "opis/json-schema": "^2.6.0",
                "php": "^8.3"
            },
            "require-dev": {
                "phpunit/phpunit": "^12.5.31"
            },
            "type": "library",
            "autoload": {
                "psr-4": {
                    "PeanutAdmin\\ArtifactRevision\\": "artifact-revision/src/",
                    "PeanutAdmin\\DataPermission\\": "data-permission/src/",
                    "PeanutAdmin\\EntitlementQuota\\": "entitlement-quota/src/",
                    "PeanutAdmin\\FileMedia\\": "file-media/src/",
                    "PeanutAdmin\\ImportExport\\": "import-export/src/",
                    "PeanutAdmin\\IntegrationSecurity\\": "integration-security/src/",
                    "PeanutAdmin\\Kernel\\": "kernel/src/",
                    "PeanutAdmin\\NotificationSms\\": "notification-sms/src/",
                    "PeanutAdmin\\OpsConsole\\": "ops-console/src/",
                    "PeanutAdmin\\ReferenceCodes\\": "reference-codes/src/",
                    "PeanutAdmin\\Settings\\": "settings/src/",
                    "PeanutAdmin\\TaskJob\\": "task-job/src/",
                    "PeanutAdmin\\Workflow\\": "workflow/src/"
                }
            },
            "autoload-dev": {
                "psr-4": {
                    "PeanutAdmin\\ArtifactRevision\\Tests\\": "artifact-revision/tests/",
                    "PeanutAdmin\\DataPermission\\Tests\\": "data-permission/tests/",
                    "PeanutAdmin\\EntitlementQuota\\Tests\\": "entitlement-quota/tests/",
                    "PeanutAdmin\\FileMedia\\Tests\\": "file-media/tests/",
                    "PeanutAdmin\\Kernel\\Tests\\": "kernel/tests/",
                    "PeanutAdmin\\ReferenceCodes\\Tests\\": "reference-codes/tests/",
                    "PeanutAdmin\\Settings\\Tests\\": "settings/tests/",
                    "PeanutAdmin\\Testing\\": "testing/src/",
                    "PeanutAdmin\\Testing\\Tests\\": "testing/tests/",
                    "PeanutAdmin\\Workflow\\Tests\\": "workflow/tests/"
                }
            },
            "license": [
                "Apache-2.0"
            ],
            "description": "Peanut Admin reusable administration runtime packages",
            "transport-options": {
                "symlink": false,
                "relative": true
            }
        },
        {
            "name": "psr/container",
            "version": "2.0.2",
            "source": {
                "type": "git",
                "url": "https://github.com/php-fig/container.git",
                "reference": "c71ecc56dfe541dbd90c5360474fbc405f8d5963"
            },
            "dist": {
                "type": "zip",
                "url": "https://api.github.com/repos/php-fig/container/zipball/c71ecc56dfe541dbd90c5360474fbc405f8d5963",
                "reference": "c71ecc56dfe541dbd90c5360474fbc405f8d5963",
                "shasum": ""
            },
            "require": {
                "php": ">=7.4.0"
            },
            "type": "library",
            "extra": {
                "branch-alias": {
                    "dev-master": "2.0.x-dev"
                }
            },
            "autoload": {
                "psr-4": {
                    "Psr\\Container\\": "src/"
                }
            },
            "notification-url": "https://packagist.org/downloads/",
            "license": [
                "MIT"
            ],
            "authors": [
                {
                    "name": "PHP-FIG",
                    "homepage": "https://www.php-fig.org/"
                }
            ],
            "description": "Common Container Interface (PHP FIG PSR-11)",
            "homepage": "https://github.com/php-fig/container",
            "keywords": [
                "PSR-11",
                "container",
                "container-interface",
                "container-interop",
                "psr"
            ],
            "support": {
                "issues": "https://github.com/php-fig/container/issues",
                "source": "https://github.com/php-fig/container/tree/2.0.2"
            },
            "time": "2021-11-05T16:47:00+00:00"
        },
        {
            "name": "psr/http-message",
            "version": "2.0",
            "source": {
                "type": "git",
                "url": "https://github.com/php-fig/http-message.git",
                "reference": "402d35bcb92c70c026d1a6a9883f06b2ead23d71"
            },
            "dist": {
                "type": "zip",
                "url": "https://api.github.com/repos/php-fig/http-message/zipball/402d35bcb92c70c026d1a6a9883f06b2ead23d71",
                "reference": "402d35bcb92c70c026d1a6a9883f06b2ead23d71",
                "shasum": ""
            },
            "require": {
                "php": "^7.2 || ^8.0"
            },
            "type": "library",
            "extra": {
                "branch-alias": {
                    "dev-master": "2.0.x-dev"
                }
            },
            "autoload": {
                "psr-4": {
                    "Psr\\Http\\Message\\": "src/"
                }
            },
            "notification-url": "https://packagist.org/downloads/",
            "license": [
                "MIT"
            ],
            "authors": [
                {
                    "name": "PHP-FIG",
                    "homepage": "https://www.php-fig.org/"
                }
            ],
            "description": "Common interface for HTTP messages",
            "homepage": "https://github.com/php-fig/http-message",
            "keywords": [
                "http",
                "http-message",
                "psr",
                "psr-7",
                "request",
                "response"
            ],
            "support": {
                "source": "https://github.com/php-fig/http-message/tree/2.0"
            },
            "time": "2023-04-04T09:54:51+00:00"
        },
        {
            "name": "psr/log",
            "version": "3.0.2",
            "source": {
                "type": "git",
                "url": "https://github.com/php-fig/log.git",
                "reference": "f16e1d5863e37f8d8c2a01719f5b34baa2b714d3"
            },
            "dist": {
                "type": "zip",
                "url": "https://api.github.com/repos/php-fig/log/zipball/f16e1d5863e37f8d8c2a01719f5b34baa2b714d3",
                "reference": "f16e1d5863e37f8d8c2a01719f5b34baa2b714d3",
                "shasum": ""
            },
            "require": {
                "php": ">=8.0.0"
            },
            "type": "library",
            "extra": {
                "branch-alias": {
                    "dev-master": "3.x-dev"
                }
            },
            "autoload": {
                "psr-4": {
                    "Psr\\Log\\": "src"
                }
            },
            "notification-url": "https://packagist.org/downloads/",
            "license": [
                "MIT"
            ],
            "authors": [
                {
                    "name": "PHP-FIG",
                    "homepage": "https://www.php-fig.org/"
                }
            ],
            "description": "Common interface for logging libraries",
            "homepage": "https://github.com/php-fig/log",
            "keywords": [
                "log",
                "psr",
                "psr-3"
            ],
            "support": {
                "source": "https://github.com/php-fig/log/tree/3.0.2"
            },
            "time": "2024-09-11T13:17:53+00:00"
        },
        {
            "name": "psr/simple-cache",
            "version": "3.0.0",
            "source": {
                "type": "git",
                "url": "https://github.com/php-fig/simple-cache.git",
                "reference": "764e0b3939f5ca87cb904f570ef9be2d78a07865"
            },
            "dist": {
                "type": "zip",
                "url": "https://api.github.com/repos/php-fig/simple-cache/zipball/764e0b3939f5ca87cb904f570ef9be2d78a07865",
                "reference": "764e0b3939f5ca87cb904f570ef9be2d78a07865",
                "shasum": ""
            },
            "require": {
                "php": ">=8.0.0"
            },
            "type": "library",
            "extra": {
                "branch-alias": {
                    "dev-master": "3.0.x-dev"
                }
            },
            "autoload": {
                "psr-4": {
                    "Psr\\SimpleCache\\": "src/"
                }
            },
            "notification-url": "https://packagist.org/downloads/",
            "license": [
                "MIT"
            ],
            "authors": [
                {
                    "name": "PHP-FIG",
                    "homepage": "https://www.php-fig.org/"
                }
            ],
            "description": "Common interfaces for simple caching",
            "keywords": [
                "cache",
                "caching",
                "psr",
                "psr-16",
                "simple-cache"
            ],
            "support": {
                "source": "https://github.com/php-fig/simple-cache/tree/3.0.0"
            },
            "time": "2021-10-29T13:26:27+00:00"
        },
        {
            "name": "topthink/framework",
            "version": "v8.1.4",
            "source": {
                "type": "git",
                "url": "https://github.com/top-think/framework.git",
                "reference": "8e7b2b2364047cbf71a38c4e397a9ca0d4ef2b01"
            },
            "dist": {
                "type": "zip",
                "url": "https://api.github.com/repos/top-think/framework/zipball/8e7b2b2364047cbf71a38c4e397a9ca0d4ef2b01",
                "reference": "8e7b2b2364047cbf71a38c4e397a9ca0d4ef2b01",
                "shasum": ""
            },
            "require": {
                "ext-ctype": "*",
                "ext-json": "*",
                "ext-mbstring": "*",
                "php": ">=8.0.0",
                "psr/http-message": "^1.0|^2.0",
                "psr/log": "^1.0|^2.0|^3.0",
                "psr/simple-cache": "^1.0|^2.0|^3.0",
                "topthink/think-container": "^3.0",
                "topthink/think-helper": "^3.1",
                "topthink/think-orm": "^3.0|^4.0",
                "topthink/think-validate": "^3.0"
            },
            "require-dev": {
                "friendsofphp/php-cs-fixer": "^3.92",
                "guzzlehttp/psr7": "^2.1.0",
                "mikey179/vfsstream": "^1.6",
                "mockery/mockery": "^1.2",
                "phpunit/phpunit": "^9.5"
            },
            "type": "library",
            "autoload": {
                "files": [],
                "psr-4": {
                    "think\\": "src/think/"
                }
            },
            "notification-url": "https://packagist.org/downloads/",
            "license": [
                "Apache-2.0"
            ],
            "authors": [
                {
                    "name": "liu21st",
                    "email": "liu21st@gmail.com"
                },
                {
                    "name": "yunwuxin",
                    "email": "448901948@qq.com"
                }
            ],
            "description": "The ThinkPHP Framework.",
            "homepage": "http://thinkphp.cn/",
            "keywords": [
                "framework",
                "orm",
                "thinkphp"
            ],
            "support": {
                "issues": "https://github.com/top-think/framework/issues",
                "source": "https://github.com/top-think/framework/tree/v8.1.4"
            },
            "time": "2026-01-15T02:45:10+00:00"
        },
        {
            "name": "topthink/think-container",
            "version": "v3.0.2",
            "source": {
                "type": "git",
                "url": "https://github.com/top-think/think-container.git",
                "reference": "b2df244be1e7399ad4c8be1ccc40ed57868f730a"
            },
            "dist": {
                "type": "zip",
                "url": "https://api.github.com/repos/top-think/think-container/zipball/b2df244be1e7399ad4c8be1ccc40ed57868f730a",
                "reference": "b2df244be1e7399ad4c8be1ccc40ed57868f730a",
                "shasum": ""
            },
            "require": {
                "php": ">=8.0",
                "psr/container": "^2.0",
                "topthink/think-helper": "^3.1"
            },
            "require-dev": {
                "phpunit/phpunit": "^9.5"
            },
            "type": "library",
            "autoload": {
                "files": [],
                "psr-4": {
                    "think\\": "src"
                }
            },
            "notification-url": "https://packagist.org/downloads/",
            "license": [
                "Apache-2.0"
            ],
            "authors": [
                {
                    "name": "liu21st",
                    "email": "liu21st@gmail.com"
                }
            ],
            "description": "PHP Container & Facade Manager",
            "support": {
                "issues": "https://github.com/top-think/think-container/issues",
                "source": "https://github.com/top-think/think-container/tree/v3.0.2"
            },
            "time": "2025-04-07T03:21:51+00:00"
        },
        {
            "name": "topthink/think-helper",
            "version": "v3.1.12",
            "source": {
                "type": "git",
                "url": "https://github.com/top-think/think-helper.git",
                "reference": "fe277121112a8f1c872e169a733ca80bb11c4acb"
            },
            "dist": {
                "type": "zip",
                "url": "https://api.github.com/repos/top-think/think-helper/zipball/fe277121112a8f1c872e169a733ca80bb11c4acb",
                "reference": "fe277121112a8f1c872e169a733ca80bb11c4acb",
                "shasum": ""
            },
            "require": {
                "php": ">=7.1.0"
            },
            "require-dev": {
                "phpunit/phpunit": "^9.5"
            },
            "type": "library",
            "autoload": {
                "files": [
                    "src/helper.php"
                ],
                "psr-4": {
                    "think\\": "src"
                }
            },
            "notification-url": "https://packagist.org/downloads/",
            "license": [
                "Apache-2.0"
            ],
            "authors": [
                {
                    "name": "yunwuxin",
                    "email": "448901948@qq.com"
                }
            ],
            "description": "The ThinkPHP6 Helper Package",
            "support": {
                "issues": "https://github.com/top-think/think-helper/issues",
                "source": "https://github.com/top-think/think-helper/tree/v3.1.12"
            },
            "time": "2025-12-26T09:58:29+00:00"
        },
        {
            "name": "topthink/think-migration",
            "version": "v3.1.1",
            "source": {
                "type": "git",
                "url": "https://github.com/top-think/think-migration.git",
                "reference": "22c44058e1454f3af1d346e7f6524fbe654de7fb"
            },
            "dist": {
                "type": "zip",
                "url": "https://api.github.com/repos/top-think/think-migration/zipball/22c44058e1454f3af1d346e7f6524fbe654de7fb",
                "reference": "22c44058e1454f3af1d346e7f6524fbe654de7fb",
                "shasum": ""
            },
            "require": {
                "php": ">=7.2",
                "topthink/framework": "^6.0 || ^8.0",
                "topthink/think-helper": "^3.0.3"
            },
            "require-dev": {
                "composer/composer": "^2.5.8",
                "fzaninotto/faker": "^1.8",
                "robmorgan/phinx": "^0.13.4"
            },
            "suggest": {
                "fzaninotto/faker": "Required to use the factory builder (^1.8)."
            },
            "type": "library",
            "extra": {
                "think": {
                    "services": [
                        "think\\migration\\Service"
                    ]
                }
            },
            "autoload": {
                "psr-4": {
                    "Phinx\\": "phinx",
                    "think\\migration\\": "src"
                }
            },
            "notification-url": "https://packagist.org/downloads/",
            "license": [
                "Apache-2.0"
            ],
            "authors": [
                {
                    "name": "yunwuxin",
                    "email": "448901948@qq.com"
                }
            ],
            "support": {
                "issues": "https://github.com/top-think/think-migration/issues",
                "source": "https://github.com/top-think/think-migration/tree/v3.1.1"
            },
            "time": "2023-09-14T05:51:31+00:00"
        },
        {
            "name": "topthink/think-orm",
            "version": "v4.0.51",
            "source": {
                "type": "git",
                "url": "https://github.com/top-think/think-orm.git",
                "reference": "46abe2f824eb3bcb117d4c0ce93b203b592b79f7"
            },
            "dist": {
                "type": "zip",
                "url": "https://api.github.com/repos/top-think/think-orm/zipball/46abe2f824eb3bcb117d4c0ce93b203b592b79f7",
                "reference": "46abe2f824eb3bcb117d4c0ce93b203b592b79f7",
                "shasum": ""
            },
            "require": {
                "ext-json": "*",
                "ext-pdo": "*",
                "php": ">=8.0.0",
                "psr/log": ">=1.0",
                "psr/simple-cache": "^3.0",
                "topthink/think-helper": "^3.1",
                "topthink/think-validate": "^3.0"
            },
            "require-dev": {
                "phpunit/phpunit": "^9.6|^10"
            },
            "suggest": {
                "ext-mongodb": "provide mongodb support"
            },
            "type": "library",
            "autoload": {
                "files": [
                    "src/helper.php",
                    "stubs/load_stubs.php"
                ],
                "psr-4": {
                    "think\\": "src"
                }
            },
            "notification-url": "https://packagist.org/downloads/",
            "license": [
                "Apache-2.0"
            ],
            "authors": [
                {
                    "name": "liu21st",
                    "email": "liu21st@gmail.com"
                }
            ],
            "description": "the PHP Database&ORM Framework",
            "keywords": [
                "database",
                "orm"
            ],
            "support": {
                "issues": "https://github.com/top-think/think-orm/issues",
                "source": "https://github.com/top-think/think-orm/tree/v4.0.51"
            },
            "time": "2025-12-18T13:11:52+00:00"
        },
        {
            "name": "topthink/think-validate",
            "version": "v3.0.7",
            "source": {
                "type": "git",
                "url": "https://github.com/top-think/think-validate.git",
                "reference": "85063f6d4ef8ed122f17a36179dc3e0949b30988"
            },
            "dist": {
                "type": "zip",
                "url": "https://api.github.com/repos/top-think/think-validate/zipball/85063f6d4ef8ed122f17a36179dc3e0949b30988",
                "reference": "85063f6d4ef8ed122f17a36179dc3e0949b30988",
                "shasum": ""
            },
            "require": {
                "php": ">=8.0",
                "topthink/think-container": ">=3.0"
            },
            "type": "library",
            "autoload": {
                "files": [
                    "src/helper.php"
                ],
                "psr-4": {
                    "think\\": "src"
                }
            },
            "notification-url": "https://packagist.org/downloads/",
            "license": [
                "Apache-2.0"
            ],
            "authors": [
                {
                    "name": "liu21st",
                    "email": "liu21st@gmail.com"
                }
            ],
            "description": "think validate",
            "support": {
                "issues": "https://github.com/top-think/think-validate/issues",
                "source": "https://github.com/top-think/think-validate/tree/v3.0.7"
            },
            "time": "2025-06-11T05:51:40+00:00"
        }
    ],
    "packages-dev": [],
    "aliases": [],
    "minimum-stability": "stable",
    "stability-flags": {
        "peanut-admin/core": 15
    },
    "prefer-stable": true,
    "prefer-lowest": false,
    "platform": {
        "php": "^8.3"
    },
    "platform-dev": {},
    "platform-overrides": {
        "php": "8.3.24"
    },
    "plugin-api-version": "2.9.0"
}
